
Microsoft Visual Studio Solution File, Format Version 12.00
# Visual Studio Version 17
VisualStudioVersion = 17.0.31717.71
MinimumVisualStudioVersion = 10.0.40219.1
Project("{9A19103F-16F7-4668-BE54-9A1E7A4F7556}") = "MudBlazorMapsExample", "MudBlazorMapsExample.csproj", "{FA761164-006A-492D-853D-F561F4CC62FA}"
EndProject
Global
	GlobalSection(SolutionConfigurationPlatforms) = preSolution
		Debug|Any CPU = Debug|Any CPU
		Release|Any CPU = Release|Any CPU
	EndGlobalSection
	GlobalSection(ProjectConfigurationPlatforms) = postSolution
		{FA761164-006A-492D-853D-F561F4CC62FA}.Debug|Any CPU.ActiveCfg = Debug|Any CPU
		{FA761164-006A-492D-853D-F561F4CC62FA}.Debug|Any CPU.Build.0 = Debug|Any CPU
		{FA761164-006A-492D-853D-F561F4CC62FA}.Release|Any CPU.ActiveCfg = Release|Any CPU
		{FA761164-006A-492D-853D-F561F4CC62FA}.Release|Any CPU.Build.0 = Release|Any CPU
	EndGlobalSection
	GlobalSection(SolutionProperties) = preSolution
		HideSolutionNode = FALSE
	EndGlobalSection
	GlobalSection(ExtensibilityGlobals) = postSolution
		SolutionGuid = {97A2AABB-822E-4926-8ED6-B373E8D45856}
	EndGlobalSection
EndGlobal